
Microsoft Visual Studio Solution File, Format Version 12.00
# Visual Studio Version 17
VisualStudioVersion = 17.2.32519.379
MinimumVisualStudioVersion = 10.0.40219.1
Project("{9A19103F-16F7-4668-BE54-9A1E7A4F7556}") = "AutoPC", "AutoPC\AutoPC.csproj", "{D58CCBE7-82C5-496A-A659-98EE7508D518}"
EndProject
Global
	GlobalSection(SolutionConfigurationPlatforms) = preSolution
		Debug|Any CPU = Debug|Any CPU
		Release|Any CPU = Release|Any CPU
	EndGlobalSection
	GlobalSection(ProjectConfigurationPlatforms) = postSolution
		{D58CCBE7-82C5-496A-A659-98EE7508D518}.Debug|Any CPU.ActiveCfg = Debug|Any CPU
		{D58CCBE7-82C5-496A-A659-98EE7508D518}.Debug|Any CPU.Build.0 = Debug|Any CPU
		{D58CCBE7-82C5-496A-A659-98EE7508D518}.Release|Any CPU.ActiveCfg = Release|Any CPU
		{D58CCBE7-82C5-496A-A659-98EE7508D518}.Release|Any CPU.Build.0 = Release|Any CPU
	EndGlobalSection
	GlobalSection(SolutionProperties) = preSolution
		HideSolutionNode = FALSE
	EndGlobalSection
	GlobalSection(ExtensibilityGlobals) = postSolution
		SolutionGuid = {6BDC0137-E32A-45E1-B941-E498EF2BD5C4}
	EndGlobalSection
EndGlobal
